// !$*UTF8*$!
{
	archiveVersion = 1;
	classes = {
	};
	objectVersion = 50;
	objects = {

/* Begin PBXBuildFile section */
		6B027457230021670022231F /* FlickrFetcher.m in Sources */ = {isa = PBXBuildFile; fileRef = 6B027454230021670022231F /* FlickrFetcher.m */; };
		6B0274862300297E0022231F /* Info.plist in Resources */ = {isa = PBXBuildFile; fileRef = 6B0274852300297E0022231F /* Info.plist */; };
		6B02748C230029880022231F /* PhotomaniaAppDelegate+MOC.m in Sources */ = {isa = PBXBuildFile; fileRef = 6B027489230029880022231F /* PhotomaniaAppDelegate+MOC.m */; };
		6B02748D230029880022231F /* PhotomaniaAppDelegate.m in Sources */ = {isa = PBXBuildFile; fileRef = 6B02748B230029880022231F /* PhotomaniaAppDelegate.m */; };
		6B0274982300298F0022231F /* Photographer+Create.m in Sources */ = {isa = PBXBuildFile; fileRef = 6B02748F2300298F0022231F /* Photographer+Create.m */; };
		6B0274992300298F0022231F /* Photo+Flickr.m in Sources */ = {isa = PBXBuildFile; fileRef = 6B0274932300298F0022231F /* Photo+Flickr.m */; };
		6B02749A2300298F0022231F /* Photographer.m in Sources */ = {isa = PBXBuildFile; fileRef = 6B0274942300298F0022231F /* Photographer.m */; };
		6B02749B2300298F0022231F /* Photo.m in Sources */ = {isa = PBXBuildFile; fileRef = 6B0274952300298F0022231F /* Photo.m */; };
		6B0274A3230029B90022231F /* Main_iPad.storyboard in Resources */ = {isa = PBXBuildFile; fileRef = 6B0274A1230029B90022231F /* Main_iPad.storyboard */; };
		6B0274A4230029B90022231F /* Main_iPhone.storyboard in Resources */ = {isa = PBXBuildFile; fileRef = 6B0274A2230029B90022231F /* Main_iPhone.storyboard */; };
		6B0274A9230029D10022231F /* CoreDataTableViewController.m in Sources */ = {isa = PBXBuildFile; fileRef = 6B0274A6230029D00022231F /* CoreDataTableViewController.m */; };
		6B0274AA230029D10022231F /* PhotographersCDTVC.m in Sources */ = {isa = PBXBuildFile; fileRef = 6B0274A7230029D00022231F /* PhotographersCDTVC.m */; };
		6B0274AE230029EE0022231F /* Assets.xcassets in Resources */ = {isa = PBXBuildFile; fileRef = 6B0274AD230029EE0022231F /* Assets.xcassets */; };
		6BF270BD22F4602200675E24 /* LaunchScreen.storyboard in Resources */ = {isa = PBXBuildFile; fileRef = 6BF270BB22F4602200675E24 /* LaunchScreen.storyboard */; };
		6BF270C022F4602200675E24 /* main.m in Sources */ = {isa = PBXBuildFile; fileRef = 6BF270BF22F4602200675E24 /* main.m */; };
/* End PBXBuildFile section */

/* Begin PBXFileReference section */
		6B027454230021670022231F /* FlickrFetcher.m */ = {isa = PBXFileReference; lastKnownFileType = sourcecode.c.objc; path = FlickrFetcher.m; sourceTree = "<group>"; };
		6B027455230021670022231F /* FlickrAPIKey.h */ = {isa = PBXFileReference; lastKnownFileType = sourcecode.c.h; path = FlickrAPIKey.h; sourceTree = "<group>"; };
		6B027456230021670022231F /* FlickrFetcher.h */ = {isa = PBXFileReference; lastKnownFileType = sourcecode.c.h; path = FlickrFetcher.h; sourceTree = "<group>"; };
		6B0274852300297E0022231F /* Info.plist */ = {isa = PBXFileReference; fileEncoding = 4; lastKnownFileType = text.plist.xml; path = Info.plist; sourceTree = "<group>"; };
		6B027487230029870022231F /* PhotomaniaAppDelegate.h */ = {isa = PBXFileReference; fileEncoding = 4; lastKnownFileType = sourcecode.c.h; path = PhotomaniaAppDelegate.h; sourceTree = "<group>"; };
		6B027488230029870022231F /* PhotomaniaAppDelegate+MOC.h */ = {isa = PBXFileReference; fileEncoding = 4; lastKnownFileType = sourcecode.c.h; path = "PhotomaniaAppDelegate+MOC.h"; sourceTree = "<group>"; };
		6B027489230029880022231F /* PhotomaniaAppDelegate+MOC.m */ = {isa = PBXFileReference; fileEncoding = 4; lastKnownFileType = sourcecode.c.objc; path = "PhotomaniaAppDelegate+MOC.m"; sourceTree = "<group>"; };
		6B02748A230029880022231F /* PhotoDatabaseAvailability.h */ = {isa = PBXFileReference; fileEncoding = 4; lastKnownFileType = sourcecode.c.h; path = PhotoDatabaseAvailability.h; sourceTree = "<group>"; };
		6B02748B230029880022231F /* PhotomaniaAppDelegate.m */ = {isa = PBXFileReference; fileEncoding = 4; lastKnownFileType = sourcecode.c.objc; path = PhotomaniaAppDelegate.m; sourceTree = "<group>"; };
		6B02748E2300298F0022231F /* Photographer+Create.h */ = {isa = PBXFileReference; fileEncoding = 4; lastKnownFileType = sourcecode.c.h; path = "Photographer+Create.h"; sourceTree = "<group>"; };
		6B02748F2300298F0022231F /* Photographer+Create.m */ = {isa = PBXFileReference; fileEncoding = 4; lastKnownFileType = sourcecode.c.objc; path = "Photographer+Create.m"; sourceTree = "<group>"; };
		6B0274902300298F0022231F /* Photo.h */ = {isa = PBXFileReference; fileEncoding = 4; lastKnownFileType = sourcecode.c.h; path = Photo.h; sourceTree = "<group>"; };
		6B0274912300298F0022231F /* Photo+Flickr.h */ = {isa = PBXFileReference; fileEncoding = 4; lastKnownFileType = sourcecode.c.h; path = "Photo+Flickr.h"; sourceTree = "<group>"; };
		6B0274922300298F0022231F /* Photographer.h */ = {isa = PBXFileReference; fileEncoding = 4; lastKnownFileType = sourcecode.c.h; path = Photographer.h; sourceTree = "<group>"; };
		6B0274932300298F0022231F /* Photo+Flickr.m */ = {isa = PBXFileReference; fileEncoding = 4; lastKnownFileType = sourcecode.c.objc; path = "Photo+Flickr.m"; sourceTree = "<group>"; };
		6B0274942300298F0022231F /* Photographer.m */ = {isa = PBXFileReference; fileEncoding = 4; lastKnownFileType = sourcecode.c.objc; path = Photographer.m; sourceTree = "<group>"; };
		6B0274952300298F0022231F /* Photo.m */ = {isa = PBXFileReference; fileEncoding = 4; lastKnownFileType = sourcecode.c.objc; path = Photo.m; sourceTree = "<group>"; };
		6B0274A1230029B90022231F /* Main_iPad.storyboard */ = {isa = PBXFileReference; fileEncoding = 4; lastKnownFileType = file.storyboard; path = Main_iPad.storyboard; sourceTree = "<group>"; };
		6B0274A2230029B90022231F /* Main_iPhone.storyboard */ = {isa = PBXFileReference; fileEncoding = 4; lastKnownFileType = file.storyboard; path = Main_iPhone.storyboard; sourceTree = "<group>"; };
		6B0274A5230029D00022231F /* PhotographersCDTVC.h */ = {isa = PBXFileReference; fileEncoding = 4; lastKnownFileType = sourcecode.c.h; path = PhotographersCDTVC.h; sourceTree = "<group>"; };
		6B0274A6230029D00022231F /* CoreDataTableViewController.m */ = {isa = PBXFileReference; fileEncoding = 4; lastKnownFileType = sourcecode.c.objc; path = CoreDataTableViewController.m; sourceTree = "<group>"; };
		6B0274A7230029D00022231F /* PhotographersCDTVC.m */ = {isa = PBXFileReference; fileEncoding = 4; lastKnownFileType = sourcecode.c.objc; path = PhotographersCDTVC.m; sourceTree = "<group>"; };
		6B0274A8230029D00022231F /* CoreDataTableViewController.h */ = {isa = PBXFileReference; fileEncoding = 4; lastKnownFileType = sourcecode.c.h; path = CoreDataTableViewController.h; sourceTree = "<group>"; };
		6B0274AD230029EE0022231F /* Assets.xcassets */ = {isa = PBXFileReference; lastKnownFileType = folder.assetcatalog; path = Assets.xcassets; sourceTree = "<group>"; };
		6BF270AD22F4602000675E24 /* iOS-objC.app */ = {isa = PBXFileReference; explicitFileType = wrapper.application; includeInIndex = 0; path = "iOS-objC.app"; sourceTree = BUILT_PRODUCTS_DIR; };
		6BF270BC22F4602200675E24 /* Base */ = {isa = PBXFileReference; lastKnownFileType = file.storyboard; name = Base; path = Base.lproj/LaunchScreen.storyboard; sourceTree = "<group>"; };
		6BF270BF22F4602200675E24 /* main.m */ = {isa = PBXFileReference; lastKnownFileType = sourcecode.c.objc; path = main.m; sourceTree = "<group>"; };
/* End PBXFileReference section */

/* Begin PBXFrameworksBuildPhase section */
		6BF270AA22F4602000675E24 /* Frameworks */ = {
			isa = PBXFrameworksBuildPhase;
			buildActionMask = 2147483647;
			files = (
			);
			runOnlyForDeploymentPostprocessing = 0;
		};
/* End PBXFrameworksBuildPhase section */

/* Begin PBXGroup section */
		6B02741C230016370022231F /* Supporting Files */ = {
			isa = PBXGroup;
			children = (
				6B0274AD230029EE0022231F /* Assets.xcassets */,
				6BF270BB22F4602200675E24 /* LaunchScreen.storyboard */,
				6BF270BF22F4602200675E24 /* main.m */,
			);
			path = "Supporting Files";
			sourceTree = "<group>";
		};
		6B027458230021720022231F /* Flickr Fetcher */ = {
			isa = PBXGroup;
			children = (
				6B027455230021670022231F /* FlickrAPIKey.h */,
				6B027456230021670022231F /* FlickrFetcher.h */,
				6B027454230021670022231F /* FlickrFetcher.m */,
			);
			path = "Flickr Fetcher";
			sourceTree = "<group>";
		};
		6B02749D230029950022231F /* CoreData Model */ = {
			isa = PBXGroup;
			children = (
				6B0274902300298F0022231F /* Photo.h */,
				6B0274952300298F0022231F /* Photo.m */,
				6B0274912300298F0022231F /* Photo+Flickr.h */,
				6B0274932300298F0022231F /* Photo+Flickr.m */,
				6B0274922300298F0022231F /* Photographer.h */,
				6B0274942300298F0022231F /* Photographer.m */,
				6B02748E2300298F0022231F /* Photographer+Create.h */,
				6B02748F2300298F0022231F /* Photographer+Create.m */,
				6B02749E230029950022231F /* Photomania.xcdatamodeld */,
			);
			path = "CoreData Model";
			sourceTree = "<group>";
		};
		6B0274AB230029D40022231F /* Controller */ = {
			isa = PBXGroup;
			children = (
				6B0274A8230029D00022231F /* CoreDataTableViewController.h */,
				6B0274A6230029D00022231F /* CoreDataTableViewController.m */,
				6B0274A5230029D00022231F /* PhotographersCDTVC.h */,
				6B0274A7230029D00022231F /* PhotographersCDTVC.m */,
			);
			path = Controller;
			sourceTree = "<group>";
		};
		6B0274AC230029DD0022231F /* View */ = {
			isa = PBXGroup;
			children = (
				6B0274A2230029B90022231F /* Main_iPhone.storyboard */,
				6B0274A1230029B90022231F /* Main_iPad.storyboard */,
			);
			path = View;
			sourceTree = "<group>";
		};
		6BF270A422F4602000675E24 = {
			isa = PBXGroup;
			children = (
				6BF270AF22F4602000675E24 /* iOS-objC */,
				6BF270AE22F4602000675E24 /* Products */,
			);
			sourceTree = "<group>";
		};
		6BF270AE22F4602000675E24 /* Products */ = {
			isa = PBXGroup;
			children = (
				6BF270AD22F4602000675E24 /* iOS-objC.app */,
			);
			name = Products;
			sourceTree = "<group>";
		};
		6BF270AF22F4602000675E24 /* iOS-objC */ = {
			isa = PBXGroup;
			children = (
				6B02748A230029880022231F /* PhotoDatabaseAvailability.h */,
				6B027487230029870022231F /* PhotomaniaAppDelegate.h */,
				6B02748B230029880022231F /* PhotomaniaAppDelegate.m */,
				6B027488230029870022231F /* PhotomaniaAppDelegate+MOC.h */,
				6B027489230029880022231F /* PhotomaniaAppDelegate+MOC.m */,
				6B02749D230029950022231F /* CoreData Model */,
				6B0274AC230029DD0022231F /* View */,
				6B0274852300297E0022231F /* Info.plist */,
				6B0274AB230029D40022231F /* Controller */,
				6B027458230021720022231F /* Flickr Fetcher */,
				6B02741C230016370022231F /* Supporting Files */,
			);
			path = "iOS-objC";
			sourceTree = "<group>";
		};
/* End PBXGroup section */

/* Begin PBXNativeTarget section */
		6BF270AC22F4602000675E24 /* iOS-objC */ = {
			isa = PBXNativeTarget;
			buildConfigurationList = 6BF270C322F4602200675E24 /* Build configuration list for PBXNativeTarget "iOS-objC" */;
			buildPhases = (
				6BF270A922F4602000675E24 /* Sources */,
				6BF270AA22F4602000675E24 /* Frameworks */,
				6BF270AB22F4602000675E24 /* Resources */,
			);
			buildRules = (
			);
			dependencies = (
			);
			name = "iOS-objC";
			productName = "iOS-objC";
			productReference = 6BF270AD22F4602000675E24 /* iOS-objC.app */;
			productType = "com.apple.product-type.application";
		};
/* End PBXNativeTarget section */

/* Begin PBXProject section */
		6BF270A522F4602000675E24 /* Project object */ = {
			isa = PBXProject;
			attributes = {
				LastUpgradeCheck = 1030;
				ORGANIZATIONNAME = "ivica petrsoric";
				TargetAttributes = {
					6BF270AC22F4602000675E24 = {
						CreatedOnToolsVersion = 10.3;
						LastSwiftMigration = 1030;
					};
				};
			};
			buildConfigurationList = 6BF270A822F4602000675E24 /* Build configuration list for PBXProject "iOS-objC" */;
			compatibilityVersion = "Xcode 9.3";
			developmentRegion = en;
			hasScannedForEncodings = 0;
			knownRegions = (
				en,
				Base,
			);
			mainGroup = 6BF270A422F4602000675E24;
			productRefGroup = 6BF270AE22F4602000675E24 /* Products */;
			projectDirPath = "";
			projectRoot = "";
			targets = (
				6BF270AC22F4602000675E24 /* iOS-objC */,
			);
		};
/* End PBXProject section */

/* Begin PBXResourcesBuildPhase section */
		6BF270AB22F4602000675E24 /* Resources */ = {
			isa = PBXResourcesBuildPhase;
			buildActionMask = 2147483647;
			files = (
				6B0274A4230029B90022231F /* Main_iPhone.storyboard in Resources */,
				6B0274A3230029B90022231F /* Main_iPad.storyboard in Resources */,
				6B0274862300297E0022231F /* Info.plist in Resources */,
				6BF270BD22F4602200675E24 /* LaunchScreen.storyboard in Resources */,
				6B0274AE230029EE0022231F /* Assets.xcassets in Resources */,
			);
			runOnlyForDeploymentPostprocessing = 0;
		};
/* End PBXResourcesBuildPhase section */

/* Begin PBXSourcesBuildPhase section */
		6BF270A922F4602000675E24 /* Sources */ = {
			isa = PBXSourcesBuildPhase;
			buildActionMask = 2147483647;
			files = (
				6B02749A2300298F0022231F /* Photographer.m in Sources */,
				6B02748C230029880022231F /* PhotomaniaAppDelegate+MOC.m in Sources */,
				6B0274A9230029D10022231F /* CoreDataTableViewController.m in Sources */,
				6BF270C022F4602200675E24 /* main.m in Sources */,
				6B02748D230029880022231F /* PhotomaniaAppDelegate.m in Sources */,
				6B02749B2300298F0022231F /* Photo.m in Sources */,
				6B0274992300298F0022231F /* Photo+Flickr.m in Sources */,
				6B027457230021670022231F /* FlickrFetcher.m in Sources */,
				6B0274982300298F0022231F /* Photographer+Create.m in Sources */,
				6B0274AA230029D10022231F /* PhotographersCDTVC.m in Sources */,
			);
			runOnlyForDeploymentPostprocessing = 0;
		};
/* End PBXSourcesBuildPhase section */

/* Begin PBXVariantGroup section */
		6BF270BB22F4602200675E24 /* LaunchScreen.storyboard */ = {
			isa = PBXVariantGroup;
			children = (
				6BF270BC22F4602200675E24 /* Base */,
			);
			name = LaunchScreen.storyboard;
			sourceTree = "<group>";
		};
/* End PBXVariantGroup section */

/* Begin XCBuildConfiguration section */
		6BF270C122F4602200675E24 /* Debug */ = {
			isa = XCBuildConfiguration;
			buildSettings = {
				ALWAYS_SEARCH_USER_PATHS = NO;
				CLANG_ANALYZER_NONNULL = YES;
				CLANG_ANALYZER_NUMBER_OBJECT_CONVERSION = YES_AGGRESSIVE;
				CLANG_CXX_LANGUAGE_STANDARD = "gnu++14";
				CLANG_CXX_LIBRARY = "libc++";
				CLANG_ENABLE_MODULES = YES;
				CLANG_ENABLE_OBJC_ARC = YES;
				CLANG_ENABLE_OBJC_WEAK = YES;
				CLANG_WARN_BLOCK_CAPTURE_AUTORELEASING = YES;
				CLANG_WARN_BOOL_CONVERSION = YES;
				CLANG_WARN_COMMA = YES;
				CLANG_WARN_CONSTANT_CONVERSION = YES;
				CLANG_WARN_DEPRECATED_OBJC_IMPLEMENTATIONS = YES;
				CLANG_WARN_DIRECT_OBJC_ISA_USAGE = YES_ERROR;
				CLANG_WARN_DOCUMENTATION_COMMENTS = YES;
				CLANG_WARN_EMPTY_BODY = YES;
				CLANG_WARN_ENUM_CONVERSION = YES;
				CLANG_WARN_INFINITE_RECURSION = YES;
				CLANG_WARN_INT_CONVERSION = YES;
				CLANG_WARN_NON_LITERAL_NULL_CONVERSION = YES;
				CLANG_WARN_OBJC_IMPLICIT_RETAIN_SELF = YES;
				CLANG_WARN_OBJC_LITERAL_CONVERSION = YES;
				CLANG_WARN_OBJC_ROOT_CLASS = YES_ERROR;
				CLANG_WARN_RANGE_LOOP_ANALYSIS = YES;
				CLANG_WARN_STRICT_PROTOTYPES = YES;
				CLANG_WARN_SUSPICIOUS_MOVE = YES;
				CLANG_WARN_UNGUARDED_AVAILABILITY = YES_AGGRESSIVE;
				CLANG_WARN_UNREACHABLE_CODE = YES;
				CLANG_WARN__DUPLICATE_METHOD_MATCH = YES;
				CODE_SIGN_IDENTITY = "iPhone Developer";
				COPY_PHASE_STRIP = NO;
				DEBUG_INFORMATION_FORMAT = dwarf;
				ENABLE_STRICT_OBJC_MSGSEND = YES;
				ENABLE_TESTABILITY = YES;
				GCC_C_LANGUAGE_STANDARD = gnu11;
				GCC_DYNAMIC_NO_PIC = NO;
				GCC_NO_COMMON_BLOCKS = YES;
				GCC_OPTIMIZATION_LEVEL = 0;
				GCC_PREPROCESSOR_DEFINITIONS = (
					"DEBUG=1",
					"$(inherited)",
				);
				GCC_WARN_64_TO_32_BIT_CONVERSION = YES;
				GCC_WARN_ABOUT_RETURN_TYPE = YES_ERROR;
				GCC_WARN_UNDECLARED_SELECTOR = YES;
				GCC_WARN_UNINITIALIZED_AUTOS = YES_AGGRESSIVE;
				GCC_WARN_UNUSED_FUNCTION = YES;
				GCC_WARN_UNUSED_VARIABLE = YES;
				IPHONEOS_DEPLOYMENT_TARGET = 12.4;
				MTL_ENABLE_DEBUG_INFO = INCLUDE_SOURCE;
				MTL_FAST_MATH = YES;
				ONLY_ACTIVE_ARCH = YES;
				SDKROOT = iphoneos;
			};
			name = Debug;
		};
		6BF270C222F4602200675E24 /* Release */ = {
			isa = XCBuildConfiguration;
			buildSettings = {
				ALWAYS_SEARCH_USER_PATHS = NO;
				CLANG_ANALYZER_NONNULL = YES;
				CLANG_ANALYZER_NUMBER_OBJECT_CONVERSION = YES_AGGRESSIVE;
				CLANG_CXX_LANGUAGE_STANDARD = "gnu++14";
				CLANG_CXX_LIBRARY = "libc++";
				CLANG_ENABLE_MODULES = YES;
				CLANG_ENABLE_OBJC_ARC = YES;
				CLANG_ENABLE_OBJC_WEAK = YES;
				CLANG_WARN_BLOCK_CAPTURE_AUTORELEASING = YES;
				CLANG_WARN_BOOL_CONVERSION = YES;
				CLANG_WARN_COMMA = YES;
				CLANG_WARN_CONSTANT_CONVERSION = YES;
				CLANG_WARN_DEPRECATED_OBJC_IMPLEMENTATIONS = YES;
				CLANG_WARN_DIRECT_OBJC_ISA_USAGE = YES_ERROR;
				CLANG_WARN_DOCUMENTATION_COMMENTS = YES;
				CLANG_WARN_EMPTY_BODY = YES;
				CLANG_WARN_ENUM_CONVERSION = YES;
				CLANG_WARN_INFINITE_RECURSION = YES;
				CLANG_WARN_INT_CONVERSION = YES;
				CLANG_WARN_NON_LITERAL_NULL_CONVERSION = YES;
				CLANG_WARN_OBJC_IMPLICIT_RETAIN_SELF = YES;
				CLANG_WARN_OBJC_LITERAL_CONVERSION = YES;
				CLANG_WARN_OBJC_ROOT_CLASS = YES_ERROR;
				CLANG_WARN_RANGE_LOOP_ANALYSIS = YES;
				CLANG_WARN_STRICT_PROTOTYPES = YES;
				CLANG_WARN_SUSPICIOUS_MOVE = YES;
				CLANG_WARN_UNGUARDED_AVAILABILITY = YES_AGGRESSIVE;
				CLANG_WARN_UNREACHABLE_CODE = YES;
				CLANG_WARN__DUPLICATE_METHOD_MATCH = YES;
				CODE_SIGN_IDENTITY = "iPhone Developer";
				COPY_PHASE_STRIP = NO;
				DEBUG_INFORMATION_FORMAT = "dwarf-with-dsym";
				ENABLE_NS_ASSERTIONS = NO;
				ENABLE_STRICT_OBJC_MSGSEND = YES;
				GCC_C_LANGUAGE_STANDARD = gnu11;
				GCC_NO_COMMON_BLOCKS = YES;
				GCC_WARN_64_TO_32_BIT_CONVERSION = YES;
				GCC_WARN_ABOUT_RETURN_TYPE = YES_ERROR;
				GCC_WARN_UNDECLARED_SELECTOR = YES;
				GCC_WARN_UNINITIALIZED_AUTOS = YES_AGGRESSIVE;
				GCC_WARN_UNUSED_FUNCTION = YES;
				GCC_WARN_UNUSED_VARIABLE = YES;
				IPHONEOS_DEPLOYMENT_TARGET = 12.4;
				MTL_ENABLE_DEBUG_INFO = NO;
				MTL_FAST_MATH = YES;
				SDKROOT = iphoneos;
				VALIDATE_PRODUCT = YES;
			};
			name = Release;
		};
		6BF270C422F4602200675E24 /* Debug */ = {
			isa = XCBuildConfiguration;
			buildSettings = {
				ASSETCATALOG_COMPILER_APPICON_NAME = AppIcon;
				CLANG_ENABLE_MODULES = YES;
				CODE_SIGN_STYLE = Automatic;
				DEVELOPMENT_TEAM = 74PDM76YJS;
				INFOPLIST_FILE = "iOS-objC/Info.plist";
				LD_RUNPATH_SEARCH_PATHS = (
					"$(inherited)",
					"@executable_path/Frameworks",
				);
				PRODUCT_BUNDLE_IDENTIFIER = "ivica.petrsoric.iOS-objC";
				PRODUCT_NAME = "$(TARGET_NAME)";
				SWIFT_OBJC_BRIDGING_HEADER = "iOS-objC-Bridging-Header.h";
				SWIFT_OPTIMIZATION_LEVEL = "-Onone";
				SWIFT_VERSION = 5.0;
				TARGETED_DEVICE_FAMILY = "1,2";
			};
			name = Debug;
		};
		6BF270C522F4602200675E24 /* Release */ = {
			isa = XCBuildConfiguration;
			buildSettings = {
				ASSETCATALOG_COMPILER_APPICON_NAME = AppIcon;
				CLANG_ENABLE_MODULES = YES;
				CODE_SIGN_STYLE = Automatic;
				DEVELOPMENT_TEAM = 74PDM76YJS;
				INFOPLIST_FILE = "iOS-objC/Info.plist";
				LD_RUNPATH_SEARCH_PATHS = (
					"$(inherited)",
					"@executable_path/Frameworks",
				);
				PRODUCT_BUNDLE_IDENTIFIER = "ivica.petrsoric.iOS-objC";
				PRODUCT_NAME = "$(TARGET_NAME)";
				SWIFT_OBJC_BRIDGING_HEADER = "iOS-objC-Bridging-Header.h";
				SWIFT_VERSION = 5.0;
				TARGETED_DEVICE_FAMILY = "1,2";
			};
			name = Release;
		};
/* End XCBuildConfiguration section */

/* Begin XCConfigurationList section */
		6BF270A822F4602000675E24 /* Build configuration list for PBXProject "iOS-objC" */ = {
			isa = XCConfigurationList;
			buildConfigurations = (
				6BF270C122F4602200675E24 /* Debug */,
				6BF270C222F4602200675E24 /* Release */,
			);
			defaultConfigurationIsVisible = 0;
			defaultConfigurationName = Release;
		};
		6BF270C322F4602200675E24 /* Build configuration list for PBXNativeTarget "iOS-objC" */ = {
			isa = XCConfigurationList;
			buildConfigurations = (
				6BF270C422F4602200675E24 /* Debug */,
				6BF270C522F4602200675E24 /* Release */,
			);
			defaultConfigurationIsVisible = 0;
			defaultConfigurationName = Release;
		};
/* End XCConfigurationList section */

/* Begin XCVersionGroup section */
		6B02749E230029950022231F /* Photomania.xcdatamodeld */ = {
			isa = XCVersionGroup;
			children = (
			);
			path = Photomania.xcdatamodeld;
			sourceTree = "<group>";
			versionGroupType = wrapper.xcdatamodel;
		};
/* End XCVersionGroup section */
	};
	rootObject = 6BF270A522F4602000675E24 /* Project object */;
}
